// !$*UTF8*$!
{
	archiveVersion = 1;
	classes = {
	};
	objectVersion = 48;
	objects = {

/* Begin PBXBuildFile section */
		176742CC207E8F9B00E4D2CB /* MeVC.swift in Sources */ = {isa = PBXBuildFile; fileRef = 176742CB207E8F9B00E4D2CB /* MeVC.swift */; };
		176742CE207E9F1200E4D2CB /* CreatePostVC.swift in Sources */ = {isa = PBXBuildFile; fileRef = 176742CD207E9F1200E4D2CB /* CreatePostVC.swift */; };
		1769C38D2080F90A006D5EA6 /* GroupCell.swift in Sources */ = {isa = PBXBuildFile; fileRef = 1769C38C2080F90A006D5EA6 /* GroupCell.swift */; };
		1769C38F20812622006D5EA6 /* Group.swift in Sources */ = {isa = PBXBuildFile; fileRef = 1769C38E20812622006D5EA6 /* Group.swift */; };
		1769C39120812BC9006D5EA6 /* GroupFeedCell.swift in Sources */ = {isa = PBXBuildFile; fileRef = 1769C39020812BC9006D5EA6 /* GroupFeedCell.swift */; };
		1769C39320812C1A006D5EA6 /* GroupFeedVC.swift in Sources */ = {isa = PBXBuildFile; fileRef = 1769C39220812C1A006D5EA6 /* GroupFeedVC.swift */; };
		1769C39520814885006D5EA6 /* UIViewControllerExt.swift in Sources */ = {isa = PBXBuildFile; fileRef = 1769C39420814885006D5EA6 /* UIViewControllerExt.swift */; };
		177ACFFF207D14650014D13E /* AppDelegate.swift in Sources */ = {isa = PBXBuildFile; fileRef = 177ACFFE207D14650014D13E /* AppDelegate.swift */; };
		177AD001207D14650014D13E /* FeedVC.swift in Sources */ = {isa = PBXBuildFile; fileRef = 177AD000207D14650014D13E /* FeedVC.swift */; };
		177AD003207D14650014D13E /* GroupsVC.swift in Sources */ = {isa = PBXBuildFile; fileRef = 177AD002207D14650014D13E /* GroupsVC.swift */; };
		177AD006207D14650014D13E /* Main.storyboard in Resources */ = {isa = PBXBuildFile; fileRef = 177AD004207D14650014D13E /* Main.storyboard */; };
		177AD008207D14650014D13E /* Assets.xcassets in Resources */ = {isa = PBXBuildFile; fileRef = 177AD007207D14650014D13E /* Assets.xcassets */; };
		177AD00B207D14650014D13E /* LaunchScreen.storyboard in Resources */ = {isa = PBXBuildFile; fileRef = 177AD009207D14650014D13E /* LaunchScreen.storyboard */; };
		177AD018207D16B00014D13E /* GoogleService-Info.plist in Resources */ = {isa = PBXBuildFile; fileRef = 177AD017207D16B00014D13E /* GoogleService-Info.plist */; };
		177AD01A207D19040014D13E /* DataService.swift in Sources */ = {isa = PBXBuildFile; fileRef = 177AD019207D19040014D13E /* DataService.swift */; };
		177AD01C207D237C0014D13E /* AuthVC.swift in Sources */ = {isa = PBXBuildFile; fileRef = 177AD01B207D237C0014D13E /* AuthVC.swift */; };
		177AD01E207D23B20014D13E /* LoginVC.swift in Sources */ = {isa = PBXBuildFile; fileRef = 177AD01D207D23B20014D13E /* LoginVC.swift */; };
		177AD020207D240A0014D13E /* InsetTextField.swift in Sources */ = {isa = PBXBuildFile; fileRef = 177AD01F207D240A0014D13E /* InsetTextField.swift */; };
		177AD022207D26A10014D13E /* ShadowView.swift in Sources */ = {isa = PBXBuildFile; fileRef = 177AD021207D26A10014D13E /* ShadowView.swift */; };
		177AD024207D58E70014D13E /* AuthService.swift in Sources */ = {isa = PBXBuildFile; fileRef = 177AD023207D58E70014D13E /* AuthService.swift */; };
		177C1834207FB7E20010392D /* UIViewExt.swift in Sources */ = {isa = PBXBuildFile; fileRef = 177C1833207FB7E20010392D /* UIViewExt.swift */; };
		177C1836207FBCE30010392D /* FeedCell.swift in Sources */ = {isa = PBXBuildFile; fileRef = 177C1835207FBCE30010392D /* FeedCell.swift */; };
		177C1838207FBF760010392D /* Message.swift in Sources */ = {isa = PBXBuildFile; fileRef = 177C1837207FBF760010392D /* Message.swift */; };
		177C183C208004CC0010392D /* CreateGroupsVC.swift in Sources */ = {isa = PBXBuildFile; fileRef = 177C183B208004CC0010392D /* CreateGroupsVC.swift */; };
		177C183E208007FA0010392D /* UserCell.swift in Sources */ = {isa = PBXBuildFile; fileRef = 177C183D208007FA0010392D /* UserCell.swift */; };
		7FE346C8D891B4D21A0A56B8 /* Pods_breakpoint.framework in Frameworks */ = {isa = PBXBuildFile; fileRef = 244603F564B7773E85BF1D2E /* Pods_breakpoint.framework */; };
/* End PBXBuildFile section */

/* Begin PBXFileReference section */
		176742CB207E8F9B00E4D2CB /* MeVC.swift */ = {isa = PBXFileReference; lastKnownFileType = sourcecode.swift; path = MeVC.swift; sourceTree = "<group>"; };
		176742CD207E9F1200E4D2CB /* CreatePostVC.swift */ = {isa = PBXFileReference; lastKnownFileType = sourcecode.swift; path = CreatePostVC.swift; sourceTree = "<group>"; };
		1769C38C2080F90A006D5EA6 /* GroupCell.swift */ = {isa = PBXFileReference; lastKnownFileType = sourcecode.swift; path = GroupCell.swift; sourceTree = "<group>"; };
		1769C38E20812622006D5EA6 /* Group.swift */ = {isa = PBXFileReference; lastKnownFileType = sourcecode.swift; path = Group.swift; sourceTree = "<group>"; };
		1769C39020812BC9006D5EA6 /* GroupFeedCell.swift */ = {isa = PBXFileReference; lastKnownFileType = sourcecode.swift; path = GroupFeedCell.swift; sourceTree = "<group>"; };
		1769C39220812C1A006D5EA6 /* GroupFeedVC.swift */ = {isa = PBXFileReference; lastKnownFileType = sourcecode.swift; path = GroupFeedVC.swift; sourceTree = "<group>"; };
		1769C39420814885006D5EA6 /* UIViewControllerExt.swift */ = {isa = PBXFileReference; lastKnownFileType = sourcecode.swift; path = UIViewControllerExt.swift; sourceTree = "<group>"; };
		177ACFFB207D14650014D13E /* breakpoint.app */ = {isa = PBXFileReference; explicitFileType = wrapper.application; includeInIndex = 0; path = breakpoint.app; sourceTree = BUILT_PRODUCTS_DIR; };
		177ACFFE207D14650014D13E /* AppDelegate.swift */ = {isa = PBXFileReference; lastKnownFileType = sourcecode.swift; path = AppDelegate.swift; sourceTree = "<group>"; };
		177AD000207D14650014D13E /* FeedVC.swift */ = {isa = PBXFileReference; lastKnownFileType = sourcecode.swift; path = FeedVC.swift; sourceTree = "<group>"; };
		177AD002207D14650014D13E /* GroupsVC.swift */ = {isa = PBXFileReference; lastKnownFileType = sourcecode.swift; path = GroupsVC.swift; sourceTree = "<group>"; };
		177AD005207D14650014D13E /* Base */ = {isa = PBXFileReference; lastKnownFileType = file.storyboard; name = Base; path = Base.lproj/Main.storyboard; sourceTree = "<group>"; };
		177AD007207D14650014D13E /* Assets.xcassets */ = {isa = PBXFileReference; lastKnownFileType = folder.assetcatalog; path = Assets.xcassets; sourceTree = "<group>"; };
		177AD00A207D14650014D13E /* Base */ = {isa = PBXFileReference; lastKnownFileType = file.storyboard; name = Base; path = Base.lproj/LaunchScreen.storyboard; sourceTree = "<group>"; };
		177AD00C207D14650014D13E /* Info.plist */ = {isa = PBXFileReference; lastKnownFileType = text.plist.xml; path = Info.plist; sourceTree = "<group>"; };
		177AD017207D16B00014D13E /* GoogleService-Info.plist */ = {isa = PBXFileReference; fileEncoding = 4; lastKnownFileType = text.plist.xml; path = "GoogleService-Info.plist"; sourceTree = "<group>"; };
		177AD019207D19040014D13E /* DataService.swift */ = {isa = PBXFileReference; lastKnownFileType = sourcecode.swift; path = DataService.swift; sourceTree = "<group>"; };
		177AD01B207D237C0014D13E /* AuthVC.swift */ = {isa = PBXFileReference; lastKnownFileType = sourcecode.swift; path = AuthVC.swift; sourceTree = "<group>"; };
		177AD01D207D23B20014D13E /* LoginVC.swift */ = {isa = PBXFileReference; lastKnownFileType = sourcecode.swift; path = LoginVC.swift; sourceTree = "<group>"; };
		177AD01F207D240A0014D13E /* InsetTextField.swift */ = {isa = PBXFileReference; lastKnownFileType = sourcecode.swift; path = InsetTextField.swift; sourceTree = "<group>"; };
		177AD021207D26A10014D13E /* ShadowView.swift */ = {isa = PBXFileReference; lastKnownFileType = sourcecode.swift; path = ShadowView.swift; sourceTree = "<group>"; };
		177AD023207D58E70014D13E /* AuthService.swift */ = {isa = PBXFileReference; lastKnownFileType = sourcecode.swift; path = AuthService.swift; sourceTree = "<group>"; };
		177C1833207FB7E20010392D /* UIViewExt.swift */ = {isa = PBXFileReference; lastKnownFileType = sourcecode.swift; path = UIViewExt.swift; sourceTree = "<group>"; };
		177C1835207FBCE30010392D /* FeedCell.swift */ = {isa = PBXFileReference; lastKnownFileType = sourcecode.swift; path = FeedCell.swift; sourceTree = "<group>"; };
		177C1837207FBF760010392D /* Message.swift */ = {isa = PBXFileReference; lastKnownFileType = sourcecode.swift; path = Message.swift; sourceTree = "<group>"; };
		177C183B208004CC0010392D /* CreateGroupsVC.swift */ = {isa = PBXFileReference; lastKnownFileType = sourcecode.swift; path = CreateGroupsVC.swift; sourceTree = "<group>"; };
		177C183D208007FA0010392D /* UserCell.swift */ = {isa = PBXFileReference; lastKnownFileType = sourcecode.swift; path = UserCell.swift; sourceTree = "<group>"; };
		244603F564B7773E85BF1D2E /* Pods_breakpoint.framework */ = {isa = PBXFileReference; explicitFileType = wrapper.framework; includeInIndex = 0; path = Pods_breakpoint.framework; sourceTree = BUILT_PRODUCTS_DIR; };
		5652A81EF475DEB83829573C /* Pods-breakpoint.release.xcconfig */ = {isa = PBXFileReference; includeInIndex = 1; lastKnownFileType = text.xcconfig; name = "Pods-breakpoint.release.xcconfig"; path = "Pods/Target Support Files/Pods-breakpoint/Pods-breakpoint.release.xcconfig"; sourceTree = "<group>"; };
		7C4D65DD69482FEAABC8A56C /* Pods-breakpoint.debug.xcconfig */ = {isa = PBXFileReference; includeInIndex = 1; lastKnownFileType = text.xcconfig; name = "Pods-breakpoint.debug.xcconfig"; path = "Pods/Target Support Files/Pods-breakpoint/Pods-breakpoint.debug.xcconfig"; sourceTree = "<group>"; };
/* End PBXFileReference section */

/* Begin PBXFrameworksBuildPhase section */
		177ACFF8207D14650014D13E /* Frameworks */ = {
			isa = PBXFrameworksBuildPhase;
			buildActionMask = 2147483647;
			files = (
				7FE346C8D891B4D21A0A56B8 /* Pods_breakpoint.framework in Frameworks */,
			);
			runOnlyForDeploymentPostprocessing = 0;
		};
/* End PBXFrameworksBuildPhase section */

/* Begin PBXGroup section */
		177ACFF2207D14650014D13E = {
			isa = PBXGroup;
			children = (
				177ACFFD207D14650014D13E /* breakpoint */,
				177ACFFC207D14650014D13E /* Products */,
				3F3563302A2B10D15C312235 /* Pods */,
				381DF7875B7CB64136EFB03E /* Frameworks */,
			);
			sourceTree = "<group>";
		};
		177ACFFC207D14650014D13E /* Products */ = {
			isa = PBXGroup;
			children = (
				177ACFFB207D14650014D13E /* breakpoint.app */,
			);
			name = Products;
			sourceTree = "<group>";
		};
		177ACFFD207D14650014D13E /* breakpoint */ = {
			isa = PBXGroup;
			children = (
				177AD016207D15570014D13E /* Services */,
				177AD015207D152A0014D13E /* Extensions */,
				177AD014207D15150014D13E /* Model */,
				177AD013207D150C0014D13E /* View */,
				177AD012207D14F80014D13E /* Controller */,
				177ACFFE207D14650014D13E /* AppDelegate.swift */,
				177AD004207D14650014D13E /* Main.storyboard */,
				177AD007207D14650014D13E /* Assets.xcassets */,
				177AD009207D14650014D13E /* LaunchScreen.storyboard */,
				177AD00C207D14650014D13E /* Info.plist */,
				177AD017207D16B00014D13E /* GoogleService-Info.plist */,
			);
			path = breakpoint;
			sourceTree = "<group>";
		};
		177AD012207D14F80014D13E /* Controller */ = {
			isa = PBXGroup;
			children = (
				177AD000207D14650014D13E /* FeedVC.swift */,
				177AD002207D14650014D13E /* GroupsVC.swift */,
				177AD01B207D237C0014D13E /* AuthVC.swift */,
				177AD01D207D23B20014D13E /* LoginVC.swift */,
				176742CB207E8F9B00E4D2CB /* MeVC.swift */,
				176742CD207E9F1200E4D2CB /* CreatePostVC.swift */,
				177C183B208004CC0010392D /* CreateGroupsVC.swift */,
				1769C39220812C1A006D5EA6 /* GroupFeedVC.swift */,
			);
			path = Controller;
			sourceTree = "<group>";
		};
		177AD013207D150C0014D13E /* View */ = {
			isa = PBXGroup;
			children = (
				177AD01F207D240A0014D13E /* InsetTextField.swift */,
				177AD021207D26A10014D13E /* ShadowView.swift */,
				177C1835207FBCE30010392D /* FeedCell.swift */,
				177C183D208007FA0010392D /* UserCell.swift */,
				1769C38C2080F90A006D5EA6 /* GroupCell.swift */,
				1769C39020812BC9006D5EA6 /* GroupFeedCell.swift */,
			);
			path = View;
			sourceTree = "<group>";
		};
		177AD014207D15150014D13E /* Model */ = {
			isa = PBXGroup;
			children = (
				177C1837207FBF760010392D /* Message.swift */,
				1769C38E20812622006D5EA6 /* Group.swift */,
			);
			path = Model;
			sourceTree = "<group>";
		};
		177AD015207D152A0014D13E /* Extensions */ = {
			isa = PBXGroup;
			children = (
				177C1833207FB7E20010392D /* UIViewExt.swift */,
				1769C39420814885006D5EA6 /* UIViewControllerExt.swift */,
			);
			path = Extensions;
			sourceTree = "<group>";
		};
		177AD016207D15570014D13E /* Services */ = {
			isa = PBXGroup;
			children = (
				177AD019207D19040014D13E /* DataService.swift */,
				177AD023207D58E70014D13E /* AuthService.swift */,
			);
			path = Services;
			sourceTree = "<group>";
		};
		381DF7875B7CB64136EFB03E /* Frameworks */ = {
			isa = PBXGroup;
			children = (
				244603F564B7773E85BF1D2E /* Pods_breakpoint.framework */,
			);
			name = Frameworks;
			sourceTree = "<group>";
		};
		3F3563302A2B10D15C312235 /* Pods */ = {
			isa = PBXGroup;
			children = (
				7C4D65DD69482FEAABC8A56C /* Pods-breakpoint.debug.xcconfig */,
				5652A81EF475DEB83829573C /* Pods-breakpoint.release.xcconfig */,
			);
			name = Pods;
			sourceTree = "<group>";
		};
/* End PBXGroup section */

/* Begin PBXNativeTarget section */
		177ACFFA207D14650014D13E /* breakpoint */ = {
			isa = PBXNativeTarget;
			buildConfigurationList = 177AD00F207D14650014D13E /* Build configuration list for PBXNativeTarget "breakpoint" */;
			buildPhases = (
				A0A167EDB9F387B79CD5AECD /* [CP] Check Pods Manifest.lock */,
				177ACFF7207D14650014D13E /* Sources */,
				177ACFF8207D14650014D13E /* Frameworks */,
				177ACFF9207D14650014D13E /* Resources */,
				42BBDFF279176C46DCB62848 /* [CP] Embed Pods Frameworks */,
				BE094838E83D02F8D95FEA32 /* [CP] Copy Pods Resources */,
			);
			buildRules = (
			);
			dependencies = (
			);
			name = breakpoint;
			productName = breakpoint;
			productReference = 177ACFFB207D14650014D13E /* breakpoint.app */;
			productType = "com.apple.product-type.application";
		};
/* End PBXNativeTarget section */

/* Begin PBXProject section */
		177ACFF3207D14650014D13E /* Project object */ = {
			isa = PBXProject;
			attributes = {
				LastSwiftUpdateCheck = 0910;
				LastUpgradeCheck = 0910;
				ORGANIZATIONNAME = "Xabier Andrés Irulegui";
				TargetAttributes = {
					177ACFFA207D14650014D13E = {
						CreatedOnToolsVersion = 9.1;
						ProvisioningStyle = Automatic;
					};
				};
			};
			buildConfigurationList = 177ACFF6207D14650014D13E /* Build configuration list for PBXProject "breakpoint" */;
			compatibilityVersion = "Xcode 8.0";
			developmentRegion = en;
			hasScannedForEncodings = 0;
			knownRegions = (
				en,
				Base,
			);
			mainGroup = 177ACFF2207D14650014D13E;
			productRefGroup = 177ACFFC207D14650014D13E /* Products */;
			projectDirPath = "";
			projectRoot = "";
			targets = (
				177ACFFA207D14650014D13E /* breakpoint */,
			);
		};
/* End PBXProject section */

/* Begin PBXResourcesBuildPhase section */
		177ACFF9207D14650014D13E /* Resources */ = {
			isa = PBXResourcesBuildPhase;
			buildActionMask = 2147483647;
			files = (
				177AD00B207D14650014D13E /* LaunchScreen.storyboard in Resources */,
				177AD018207D16B00014D13E /* GoogleService-Info.plist in Resources */,
				177AD008207D14650014D13E /* Assets.xcassets in Resources */,
				177AD006207D14650014D13E /* Main.storyboard in Resources */,
			);
			runOnlyForDeploymentPostprocessing = 0;
		};
/* End PBXResourcesBuildPhase section */

/* Begin PBXShellScriptBuildPhase section */
		42BBDFF279176C46DCB62848 /* [CP] Embed Pods Frameworks */ = {
			isa = PBXShellScriptBuildPhase;
			buildActionMask = 2147483647;
			files = (
			);
			inputPaths = (
				"${SRCROOT}/Pods/Target Support Files/Pods-breakpoint/Pods-breakpoint-frameworks.sh",
				"${BUILT_PRODUCTS_DIR}/GTMSessionFetcher/GTMSessionFetcher.framework",
				"${BUILT_PRODUCTS_DIR}/GoogleToolboxForMac/GoogleToolboxForMac.framework",
				"${BUILT_PRODUCTS_DIR}/leveldb-library/leveldb.framework",
				"${BUILT_PRODUCTS_DIR}/nanopb/nanopb.framework",
			);
			name = "[CP] Embed Pods Frameworks";
			outputPaths = (
				"${TARGET_BUILD_DIR}/${FRAMEWORKS_FOLDER_PATH}/GTMSessionFetcher.framework",
				"${TARGET_BUILD_DIR}/${FRAMEWORKS_FOLDER_PATH}/GoogleToolboxForMac.framework",
				"${TARGET_BUILD_DIR}/${FRAMEWORKS_FOLDER_PATH}/leveldb.framework",
				"${TARGET_BUILD_DIR}/${FRAMEWORKS_FOLDER_PATH}/nanopb.framework",
			);
			runOnlyForDeploymentPostprocessing = 0;
			shellPath = /bin/sh;
			shellScript = "\"${SRCROOT}/Pods/Target Support Files/Pods-breakpoint/Pods-breakpoint-frameworks.sh\"\n";
			showEnvVarsInLog = 0;
		};
		A0A167EDB9F387B79CD5AECD /* [CP] Check Pods Manifest.lock */ = {
			isa = PBXShellScriptBuildPhase;
			buildActionMask = 2147483647;
			files = (
			);
			inputPaths = (
				"${PODS_PODFILE_DIR_PATH}/Podfile.lock",
				"${PODS_ROOT}/Manifest.lock",
			);
			name = "[CP] Check Pods Manifest.lock";
			outputPaths = (
				"$(DERIVED_FILE_DIR)/Pods-breakpoint-checkManifestLockResult.txt",
			);
			runOnlyForDeploymentPostprocessing = 0;
			shellPath = /bin/sh;
			shellScript = "diff \"${PODS_PODFILE_DIR_PATH}/Podfile.lock\" \"${PODS_ROOT}/Manifest.lock\" > /dev/null\nif [ $? != 0 ] ; then\n    # print error to STDERR\n    echo \"error: The sandbox is not in sync with the Podfile.lock. Run 'pod install' or update your CocoaPods installation.\" >&2\n    exit 1\nfi\n# This output is used by Xcode 'outputs' to avoid re-running this script phase.\necho \"SUCCESS\" > \"${SCRIPT_OUTPUT_FILE_0}\"\n";
			showEnvVarsInLog = 0;
		};
		BE094838E83D02F8D95FEA32 /* [CP] Copy Pods Resources */ = {
			isa = PBXShellScriptBuildPhase;
			buildActionMask = 2147483647;
			files = (
			);
			inputPaths = (
			);
			name = "[CP] Copy Pods Resources";
			outputPaths = (
			);
			runOnlyForDeploymentPostprocessing = 0;
			shellPath = /bin/sh;
			shellScript = "\"${SRCROOT}/Pods/Target Support Files/Pods-breakpoint/Pods-breakpoint-resources.sh\"\n";
			showEnvVarsInLog = 0;
		};
/* End PBXShellScriptBuildPhase section */

/* Begin PBXSourcesBuildPhase section */
		177ACFF7207D14650014D13E /* Sources */ = {
			isa = PBXSourcesBuildPhase;
			buildActionMask = 2147483647;
			files = (
				177C1834207FB7E20010392D /* UIViewExt.swift in Sources */,
				177C1836207FBCE30010392D /* FeedCell.swift in Sources */,
				176742CC207E8F9B00E4D2CB /* MeVC.swift in Sources */,
				1769C38D2080F90A006D5EA6 /* GroupCell.swift in Sources */,
				177AD01C207D237C0014D13E /* AuthVC.swift in Sources */,
				1769C39520814885006D5EA6 /* UIViewControllerExt.swift in Sources */,
				177AD003207D14650014D13E /* GroupsVC.swift in Sources */,
				1769C39320812C1A006D5EA6 /* GroupFeedVC.swift in Sources */,
				1769C39120812BC9006D5EA6 /* GroupFeedCell.swift in Sources */,
				177AD01E207D23B20014D13E /* LoginVC.swift in Sources */,
				177AD024207D58E70014D13E /* AuthService.swift in Sources */,
				177C183C208004CC0010392D /* CreateGroupsVC.swift in Sources */,
				1769C38F20812622006D5EA6 /* Group.swift in Sources */,
				177C183E208007FA0010392D /* UserCell.swift in Sources */,
				177ACFFF207D14650014D13E /* AppDelegate.swift in Sources */,
				177AD022207D26A10014D13E /* ShadowView.swift in Sources */,
				176742CE207E9F1200E4D2CB /* CreatePostVC.swift in Sources */,
				177AD001207D14650014D13E /* FeedVC.swift in Sources */,
				177AD020207D240A0014D13E /* InsetTextField.swift in Sources */,
				177AD01A207D19040014D13E /* DataService.swift in Sources */,
				177C1838207FBF760010392D /* Message.swift in Sources */,
			);
			runOnlyForDeploymentPostprocessing = 0;
		};
/* End PBXSourcesBuildPhase section */

/* Begin PBXVariantGroup section */
		177AD004207D14650014D13E /* Main.storyboard */ = {
			isa = PBXVariantGroup;
			children = (
				177AD005207D14650014D13E /* Base */,
			);
			name = Main.storyboard;
			sourceTree = "<group>";
		};
		177AD009207D14650014D13E /* LaunchScreen.storyboard */ = {
			isa = PBXVariantGroup;
			children = (
				177AD00A207D14650014D13E /* Base */,
			);
			name = LaunchScreen.storyboard;
			sourceTree = "<group>";
		};
/* End PBXVariantGroup section */

/* Begin XCBuildConfiguration section */
		177AD00D207D14650014D13E /* Debug */ = {
			isa = XCBuildConfiguration;
			buildSettings = {
				ALWAYS_SEARCH_USER_PATHS = NO;
				CLANG_ANALYZER_NONNULL = YES;
				CLANG_ANALYZER_NUMBER_OBJECT_CONVERSION = YES_AGGRESSIVE;
				CLANG_CXX_LANGUAGE_STANDARD = "gnu++14";
				CLANG_CXX_LIBRARY = "libc++";
				CLANG_ENABLE_MODULES = YES;
				CLANG_ENABLE_OBJC_ARC = YES;
				CLANG_WARN_BLOCK_CAPTURE_AUTORELEASING = YES;
				CLANG_WARN_BOOL_CONVERSION = YES;
				CLANG_WARN_COMMA = YES;
				CLANG_WARN_CONSTANT_CONVERSION = YES;
				CLANG_WARN_DIRECT_OBJC_ISA_USAGE = YES_ERROR;
				CLANG_WARN_DOCUMENTATION_COMMENTS = YES;
				CLANG_WARN_EMPTY_BODY = YES;
				CLANG_WARN_ENUM_CONVERSION = YES;
				CLANG_WARN_INFINITE_RECURSION = YES;
				CLANG_WARN_INT_CONVERSION = YES;
				CLANG_WARN_NON_LITERAL_NULL_CONVERSION = YES;
				CLANG_WARN_OBJC_LITERAL_CONVERSION = YES;
				CLANG_WARN_OBJC_ROOT_CLASS = YES_ERROR;
				CLANG_WARN_RANGE_LOOP_ANALYSIS = YES;
				CLANG_WARN_STRICT_PROTOTYPES = YES;
				CLANG_WARN_SUSPICIOUS_MOVE = YES;
				CLANG_WARN_UNGUARDED_AVAILABILITY = YES_AGGRESSIVE;
				CLANG_WARN_UNREACHABLE_CODE = YES;
				CLANG_WARN__DUPLICATE_METHOD_MATCH = YES;
				CODE_SIGN_IDENTITY = "iPhone Developer";
				COPY_PHASE_STRIP = NO;
				DEBUG_INFORMATION_FORMAT = dwarf;
				ENABLE_STRICT_OBJC_MSGSEND = YES;
				ENABLE_TESTABILITY = YES;
				GCC_C_LANGUAGE_STANDARD = gnu11;
				GCC_DYNAMIC_NO_PIC = NO;
				GCC_NO_COMMON_BLOCKS = YES;
				GCC_OPTIMIZATION_LEVEL = 0;
				GCC_PREPROCESSOR_DEFINITIONS = (
					"DEBUG=1",
					"$(inherited)",
				);
				GCC_WARN_64_TO_32_BIT_CONVERSION = YES;
				GCC_WARN_ABOUT_RETURN_TYPE = YES_ERROR;
				GCC_WARN_UNDECLARED_SELECTOR = YES;
				GCC_WARN_UNINITIALIZED_AUTOS = YES_AGGRESSIVE;
				GCC_WARN_UNUSED_FUNCTION = YES;
				GCC_WARN_UNUSED_VARIABLE = YES;
				IPHONEOS_DEPLOYMENT_TARGET = 11.1;
				MTL_ENABLE_DEBUG_INFO = YES;
				ONLY_ACTIVE_ARCH = YES;
				SDKROOT = iphoneos;
				SWIFT_ACTIVE_COMPILATION_CONDITIONS = DEBUG;
				SWIFT_OPTIMIZATION_LEVEL = "-Onone";
			};
			name = Debug;
		};
		177AD00E207D14650014D13E /* Release */ = {
			isa = XCBuildConfiguration;
			buildSettings = {
				ALWAYS_SEARCH_USER_PATHS = NO;
				CLANG_ANALYZER_NONNULL = YES;
				CLANG_ANALYZER_NUMBER_OBJECT_CONVERSION = YES_AGGRESSIVE;
				CLANG_CXX_LANGUAGE_STANDARD = "gnu++14";
				CLANG_CXX_LIBRARY = "libc++";
				CLANG_ENABLE_MODULES = YES;
				CLANG_ENABLE_OBJC_ARC = YES;
				CLANG_WARN_BLOCK_CAPTURE_AUTORELEASING = YES;
				CLANG_WARN_BOOL_CONVERSION = YES;
				CLANG_WARN_COMMA = YES;
				CLANG_WARN_CONSTANT_CONVERSION = YES;
				CLANG_WARN_DIRECT_OBJC_ISA_USAGE = YES_ERROR;
				CLANG_WARN_DOCUMENTATION_COMMENTS = YES;
				CLANG_WARN_EMPTY_BODY = YES;
				CLANG_WARN_ENUM_CONVERSION = YES;
				CLANG_WARN_INFINITE_RECURSION = YES;
				CLANG_WARN_INT_CONVERSION = YES;
				CLANG_WARN_NON_LITERAL_NULL_CONVERSION = YES;
				CLANG_WARN_OBJC_LITERAL_CONVERSION = YES;
				CLANG_WARN_OBJC_ROOT_CLASS = YES_ERROR;
				CLANG_WARN_RANGE_LOOP_ANALYSIS = YES;
				CLANG_WARN_STRICT_PROTOTYPES = YES;
				CLANG_WARN_SUSPICIOUS_MOVE = YES;
				CLANG_WARN_UNGUARDED_AVAILABILITY = YES_AGGRESSIVE;
				CLANG_WARN_UNREACHABLE_CODE = YES;
				CLANG_WARN__DUPLICATE_METHOD_MATCH = YES;
				CODE_SIGN_IDENTITY = "iPhone Developer";
				COPY_PHASE_STRIP = NO;
				DEBUG_INFORMATION_FORMAT = "dwarf-with-dsym";
				ENABLE_NS_ASSERTIONS = NO;
				ENABLE_STRICT_OBJC_MSGSEND = YES;
				GCC_C_LANGUAGE_STANDARD = gnu11;
				GCC_NO_COMMON_BLOCKS = YES;
				GCC_WARN_64_TO_32_BIT_CONVERSION = YES;
				GCC_WARN_ABOUT_RETURN_TYPE = YES_ERROR;
				GCC_WARN_UNDECLARED_SELECTOR = YES;
				GCC_WARN_UNINITIALIZED_AUTOS = YES_AGGRESSIVE;
				GCC_WARN_UNUSED_FUNCTION = YES;
				GCC_WARN_UNUSED_VARIABLE = YES;
				IPHONEOS_DEPLOYMENT_TARGET = 11.1;
				MTL_ENABLE_DEBUG_INFO = NO;
				SDKROOT = iphoneos;
				SWIFT_OPTIMIZATION_LEVEL = "-Owholemodule";
				VALIDATE_PRODUCT = YES;
			};
			name = Release;
		};
		177AD010207D14650014D13E /* Debug */ = {
			isa = XCBuildConfiguration;
			baseConfigurationReference = 7C4D65DD69482FEAABC8A56C /* Pods-breakpoint.debug.xcconfig */;
			buildSettings = {
				ASSETCATALOG_COMPILER_APPICON_NAME = AppIcon;
				CODE_SIGN_STYLE = Automatic;
				DEVELOPMENT_TEAM = R636LC7F2R;
				INFOPLIST_FILE = breakpoint/Info.plist;
				LD_RUNPATH_SEARCH_PATHS = "$(inherited) @executable_path/Frameworks";
				PRODUCT_BUNDLE_IDENTIFIER = xabierAndres.breakpoint;
				PRODUCT_NAME = "$(TARGET_NAME)";
				SWIFT_VERSION = 4.0;
				TARGETED_DEVICE_FAMILY = "1,2";
			};
			name = Debug;
		};
		177AD011207D14650014D13E /* Release */ = {
			isa = XCBuildConfiguration;
			baseConfigurationReference = 5652A81EF475DEB83829573C /* Pods-breakpoint.release.xcconfig */;
			buildSettings = {
				ASSETCATALOG_COMPILER_APPICON_NAME = AppIcon;
				CODE_SIGN_STYLE = Automatic;
				DEVELOPMENT_TEAM = R636LC7F2R;
				INFOPLIST_FILE = breakpoint/Info.plist;
				LD_RUNPATH_SEARCH_PATHS = "$(inherited) @executable_path/Frameworks";
				PRODUCT_BUNDLE_IDENTIFIER = xabierAndres.breakpoint;
				PRODUCT_NAME = "$(TARGET_NAME)";
				SWIFT_VERSION = 4.0;
				TARGETED_DEVICE_FAMILY = "1,2";
			};
			name = Release;
		};
/* End XCBuildConfiguration section */

/* Begin XCConfigurationList section */
		177ACFF6207D14650014D13E /* Build configuration list for PBXProject "breakpoint" */ = {
			isa = XCConfigurationList;
			buildConfigurations = (
				177AD00D207D14650014D13E /* Debug */,
				177AD00E207D14650014D13E /* Release */,
			);
			defaultConfigurationIsVisible = 0;
			defaultConfigurationName = Release;
		};
		177AD00F207D14650014D13E /* Build configuration list for PBXNativeTarget "breakpoint" */ = {
			isa = XCConfigurationList;
			buildConfigurations = (
				177AD010207D14650014D13E /* Debug */,
				177AD011207D14650014D13E /* Release */,
			);
			defaultConfigurationIsVisible = 0;
			defaultConfigurationName = Release;
		};
/* End XCConfigurationList section */
	};
	rootObject = 177ACFF3207D14650014D13E /* Project object */;
}
